
Microsoft Visual Studio Solution File, Format Version 12.00
# Visual Studio Version 17
VisualStudioVersion = 17.3.32901.215
MinimumVisualStudioVersion = 10.0.40219.1
Project("{888888A0-9F3D-457C-B088-3A5042F75D52}") = "Comp Sci Morning Routine Resubmit", "Comp Sci Morning Routine Resubmit\Comp Sci Morning Routine Resubmit.pyproj", "{71C39DF9-6C89-4A98-98CB-7116B64CB619}"
EndProject
Global
	GlobalSection(SolutionConfigurationPlatforms) = preSolution
		Debug|Any CPU = Debug|Any CPU
		Release|Any CPU = Release|Any CPU
	EndGlobalSection
	GlobalSection(ProjectConfigurationPlatforms) = postSolution
		{71C39DF9-6C89-4A98-98CB-7116B64CB619}.Debug|Any CPU.ActiveCfg = Debug|Any CPU
		{71C39DF9-6C89-4A98-98CB-7116B64CB619}.Release|Any CPU.ActiveCfg = Release|Any CPU
	EndGlobalSection
	GlobalSection(SolutionProperties) = preSolution
		HideSolutionNode = FALSE
	EndGlobalSection
	GlobalSection(ExtensibilityGlobals) = postSolution
		SolutionGuid = {F01C8F77-93CA-4C5E-B644-1E44992162BF}
	EndGlobalSection
EndGlobal
