
Microsoft Visual Studio Solution File, Format Version 12.00
# Visual Studio Version 17
VisualStudioVersion = 17.3.32901.215
MinimumVisualStudioVersion = 10.0.40219.1
Project("{888888A0-9F3D-457C-B088-3A5042F75D52}") = "ROck Paper Scissors edit", "ROck Paper Scissors edit\ROck Paper Scissors edit.pyproj", "{B70875C3-0030-4A72-BF08-2086446C7D7B}"
EndProject
Global
	GlobalSection(SolutionConfigurationPlatforms) = preSolution
		Debug|Any CPU = Debug|Any CPU
		Release|Any CPU = Release|Any CPU
	EndGlobalSection
	GlobalSection(ProjectConfigurationPlatforms) = postSolution
		{B70875C3-0030-4A72-BF08-2086446C7D7B}.Debug|Any CPU.ActiveCfg = Debug|Any CPU
		{B70875C3-0030-4A72-BF08-2086446C7D7B}.Release|Any CPU.ActiveCfg = Release|Any CPU
	EndGlobalSection
	GlobalSection(SolutionProperties) = preSolution
		HideSolutionNode = FALSE
	EndGlobalSection
	GlobalSection(ExtensibilityGlobals) = postSolution
		SolutionGuid = {3ED53A1F-9A84-4DAD-A00E-F8EF7BB18A49}
	EndGlobalSection
EndGlobal
